
Microsoft Visual Studio Solution File, Format Version 12.00
# Visual Studio Version 17
VisualStudioVersion = 17.0.31903.59
MinimumVisualStudioVersion = 10.0.40219.1
Project("{FAE04EC0-301F-11D3-BF4B-00C04F79EFBC}") = "PreVal", "PreVal\PreVal.csproj", "{B99671E3-B6EB-4C6E-93A5-28D85A39CB09}"
EndProject
Project("{FAE04EC0-301F-11D3-BF4B-00C04F79EFBC}") = "PreVal.Tests", "PreVal.Tests\PreVal.Tests.csproj", "{D4D13E1C-4D59-4444-96C6-D29309C376E3}"
EndProject
Global
	GlobalSection(SolutionConfigurationPlatforms) = preSolution
		Debug|Any CPU = Debug|Any CPU
		Release|Any CPU = Release|Any CPU
	EndGlobalSection
	GlobalSection(SolutionProperties) = preSolution
		HideSolutionNode = FALSE
	EndGlobalSection
	GlobalSection(ProjectConfigurationPlatforms) = postSolution
		{B99671E3-B6EB-4C6E-93A5-28D85A39CB09}.Debug|Any CPU.ActiveCfg = Debug|Any CPU
		{B99671E3-B6EB-4C6E-93A5-28D85A39CB09}.Debug|Any CPU.Build.0 = Debug|Any CPU
		{B99671E3-B6EB-4C6E-93A5-28D85A39CB09}.Release|Any CPU.ActiveCfg = Release|Any CPU
		{B99671E3-B6EB-4C6E-93A5-28D85A39CB09}.Release|Any CPU.Build.0 = Release|Any CPU
		{D4D13E1C-4D59-4444-96C6-D29309C376E3}.Debug|Any CPU.ActiveCfg = Debug|Any CPU
		{D4D13E1C-4D59-4444-96C6-D29309C376E3}.Debug|Any CPU.Build.0 = Debug|Any CPU
		{D4D13E1C-4D59-4444-96C6-D29309C376E3}.Release|Any CPU.ActiveCfg = Release|Any CPU
		{D4D13E1C-4D59-4444-96C6-D29309C376E3}.Release|Any CPU.Build.0 = Release|Any CPU
	EndGlobalSection
EndGlobal
